
Microsoft Visual Studio Solution File, Format Version 12.00
# Visual Studio Version 17
VisualStudioVersion = 17.0.31903.59
MinimumVisualStudioVersion = 10.0.40219.1
Project("{2150E333-8FDC-42A3-9474-1A3956D46DE8}") = "Deployment", "Deployment", "{FFE1D681-9B5C-4CB1-BDDC-8A1B5AEC584F}"
EndProject
Project("{2150E333-8FDC-42A3-9474-1A3956D46DE8}") = "Test", "Test", "{D17223FF-6805-4480-ACD6-7FA108873636}"
EndProject
Project("{2150E333-8FDC-42A3-9474-1A3956D46DE8}") = "Src", "Src", "{64A14E53-334D-4AAD-B4FA-7858F285FEA4}"
EndProject
Project("{2150E333-8FDC-42A3-9474-1A3956D46DE8}") = "Catalog", "Catalog", "{0C05B2F0-5F33-4234-9AF9-1D445AF5B97F}"
EndProject
Project("{2150E333-8FDC-42A3-9474-1A3956D46DE8}") = "Order", "Order", "{56486D26-D956-4D52-BA64-2F2BDDAF66D4}"
EndProject
Project("{2150E333-8FDC-42A3-9474-1A3956D46DE8}") = "Discount", "Discount", "{0ACDD149-5DE2-4488-938A-501B2DF6632D}"
EndProject
Project("{2150E333-8FDC-42A3-9474-1A3956D46DE8}") = "ShoppingCart", "ShoppingCart", "{A5B3F77C-9DE4-437E-91C4-B57C8E39731B}"
EndProject
Project("{FAE04EC0-301F-11D3-BF4B-00C04F79EFBC}") = "Catalog.API", "src\Catalog\Catalog.API\Catalog.API.csproj", "{34EC4025-FD73-458E-8DBD-D765541F27DB}"
EndProject
Project("{FAE04EC0-301F-11D3-BF4B-00C04F79EFBC}") = "Catalog.Domain", "src\Catalog\Catalog.Domain\Catalog.Domain.csproj", "{425D9586-ED98-49A6-BE96-B1AC55513727}"
EndProject
Project("{FAE04EC0-301F-11D3-BF4B-00C04F79EFBC}") = "Catalog.Infrastructure", "src\Catalog\Catalog.Infrastructure\Catalog.Infrastructure.csproj", "{BF0627B5-92C9-43C9-862D-62D4D51D4A92}"
EndProject
Project("{FAE04EC0-301F-11D3-BF4B-00C04F79EFBC}") = "Catalog.Application", "src\Catalog\Catalog.Application\Catalog.Application.csproj", "{53F95D0C-9573-4ABA-BAF6-B6C031F3A78D}"
EndProject
Project("{FAE04EC0-301F-11D3-BF4B-00C04F79EFBC}") = "Discount.Application", "src\Discount\Discount.Application\Discount.Application.csproj", "{8D11D274-48B9-4957-B157-501631A0D875}"
EndProject
Project("{FAE04EC0-301F-11D3-BF4B-00C04F79EFBC}") = "Discount.Domain", "src\Discount\Discount.Domain\Discount.Domain.csproj", "{AB0DE49C-B1EC-4596-BB0F-CEB2A2512AE3}"
EndProject
Project("{FAE04EC0-301F-11D3-BF4B-00C04F79EFBC}") = "Discount.Infrastructure", "src\Discount\Discount.Infrastructure\Discount.Infrastructure.csproj", "{79A819E6-9EB9-4345-9D3D-2D8A7527482C}"
EndProject
Project("{FAE04EC0-301F-11D3-BF4B-00C04F79EFBC}") = "Discount.API", "src\Discount\Discount.API\Discount.API.csproj", "{1DC7F096-6DBC-400F-AF0C-B550BAD5E44C}"
EndProject
Project("{FAE04EC0-301F-11D3-BF4B-00C04F79EFBC}") = "Order.API", "src\Order.API\Order.API.csproj", "{761F5CE2-A5A5-4ED1-B597-7186004CD278}"
EndProject
Project("{FAE04EC0-301F-11D3-BF4B-00C04F79EFBC}") = "Order.Application", "src\Order.Application\Order.Application.csproj", "{2402793D-020B-404D-87C6-2AFD314BDE66}"
EndProject
Project("{FAE04EC0-301F-11D3-BF4B-00C04F79EFBC}") = "Order.Domain", "src\Order.Domain\Order.Domain.csproj", "{E56F0682-85C8-4A10-AD1F-B332BC523F82}"
EndProject
Project("{FAE04EC0-301F-11D3-BF4B-00C04F79EFBC}") = "Order.Infrastructure", "src\Order.Infrastructure\Order.Infrastructure.csproj", "{16C81F39-2628-442A-8940-8D27B9368EEC}"
EndProject
Project("{FAE04EC0-301F-11D3-BF4B-00C04F79EFBC}") = "Shop.Application", "src\ShoppingCart\Shop.Application\Shop.Application.csproj", "{A4F1D0A4-5775-4F6E-80FA-55047E16B6C5}"
EndProject
Project("{FAE04EC0-301F-11D3-BF4B-00C04F79EFBC}") = "Shop.Domain", "src\ShoppingCart\Shop.Domain\Shop.Domain.csproj", "{025C69B9-C20A-4371-BAB7-06AC705534E4}"
EndProject
Project("{FAE04EC0-301F-11D3-BF4B-00C04F79EFBC}") = "Shop.Infrastructure", "src\ShoppingCart\Shop.Infrastructure\Shop.Infrastructure.csproj", "{BC1FDF7E-9E86-49A6-91E4-A2B0F84F08DD}"
EndProject
Project("{FAE04EC0-301F-11D3-BF4B-00C04F79EFBC}") = "Shop.API", "src\ShoppingCart\Shop.API\Shop.API.csproj", "{93A1211E-43A7-44AA-8172-2A1B3F7F714F}"
EndProject
Project("{2150E333-8FDC-42A3-9474-1A3956D46DE8}") = "APIGateAway", "APIGateAway", "{51EF5EB8-8AE2-4924-AADD-758A456680D2}"
EndProject
Project("{FAE04EC0-301F-11D3-BF4B-00C04F79EFBC}") = "ApiGateAway.API", "src\APIGateAway\ApiGateAway.API\ApiGateAway.API.csproj", "{FDFE6069-B3DE-45CC-9742-FA14C549E33E}"
EndProject
Global
	GlobalSection(SolutionConfigurationPlatforms) = preSolution
		Debug|Any CPU = Debug|Any CPU
		Release|Any CPU = Release|Any CPU
	EndGlobalSection
	GlobalSection(SolutionProperties) = preSolution
		HideSolutionNode = FALSE
	EndGlobalSection
	GlobalSection(NestedProjects) = preSolution
		{0C05B2F0-5F33-4234-9AF9-1D445AF5B97F} = {64A14E53-334D-4AAD-B4FA-7858F285FEA4}
		{56486D26-D956-4D52-BA64-2F2BDDAF66D4} = {64A14E53-334D-4AAD-B4FA-7858F285FEA4}
		{0ACDD149-5DE2-4488-938A-501B2DF6632D} = {64A14E53-334D-4AAD-B4FA-7858F285FEA4}
		{A5B3F77C-9DE4-437E-91C4-B57C8E39731B} = {64A14E53-334D-4AAD-B4FA-7858F285FEA4}
		{34EC4025-FD73-458E-8DBD-D765541F27DB} = {0C05B2F0-5F33-4234-9AF9-1D445AF5B97F}
		{425D9586-ED98-49A6-BE96-B1AC55513727} = {0C05B2F0-5F33-4234-9AF9-1D445AF5B97F}
		{BF0627B5-92C9-43C9-862D-62D4D51D4A92} = {0C05B2F0-5F33-4234-9AF9-1D445AF5B97F}
		{53F95D0C-9573-4ABA-BAF6-B6C031F3A78D} = {0C05B2F0-5F33-4234-9AF9-1D445AF5B97F}
		{8D11D274-48B9-4957-B157-501631A0D875} = {0ACDD149-5DE2-4488-938A-501B2DF6632D}
		{AB0DE49C-B1EC-4596-BB0F-CEB2A2512AE3} = {0ACDD149-5DE2-4488-938A-501B2DF6632D}
		{79A819E6-9EB9-4345-9D3D-2D8A7527482C} = {0ACDD149-5DE2-4488-938A-501B2DF6632D}
		{1DC7F096-6DBC-400F-AF0C-B550BAD5E44C} = {0ACDD149-5DE2-4488-938A-501B2DF6632D}
		{761F5CE2-A5A5-4ED1-B597-7186004CD278} = {56486D26-D956-4D52-BA64-2F2BDDAF66D4}
		{2402793D-020B-404D-87C6-2AFD314BDE66} = {56486D26-D956-4D52-BA64-2F2BDDAF66D4}
		{E56F0682-85C8-4A10-AD1F-B332BC523F82} = {56486D26-D956-4D52-BA64-2F2BDDAF66D4}
		{16C81F39-2628-442A-8940-8D27B9368EEC} = {56486D26-D956-4D52-BA64-2F2BDDAF66D4}
		{A4F1D0A4-5775-4F6E-80FA-55047E16B6C5} = {A5B3F77C-9DE4-437E-91C4-B57C8E39731B}
		{025C69B9-C20A-4371-BAB7-06AC705534E4} = {A5B3F77C-9DE4-437E-91C4-B57C8E39731B}
		{BC1FDF7E-9E86-49A6-91E4-A2B0F84F08DD} = {A5B3F77C-9DE4-437E-91C4-B57C8E39731B}
		{93A1211E-43A7-44AA-8172-2A1B3F7F714F} = {A5B3F77C-9DE4-437E-91C4-B57C8E39731B}
		{51EF5EB8-8AE2-4924-AADD-758A456680D2} = {64A14E53-334D-4AAD-B4FA-7858F285FEA4}
		{FDFE6069-B3DE-45CC-9742-FA14C549E33E} = {51EF5EB8-8AE2-4924-AADD-758A456680D2}
	EndGlobalSection
	GlobalSection(ProjectConfigurationPlatforms) = postSolution
		{34EC4025-FD73-458E-8DBD-D765541F27DB}.Debug|Any CPU.ActiveCfg = Debug|Any CPU
		{34EC4025-FD73-458E-8DBD-D765541F27DB}.Debug|Any CPU.Build.0 = Debug|Any CPU
		{34EC4025-FD73-458E-8DBD-D765541F27DB}.Release|Any CPU.ActiveCfg = Release|Any CPU
		{34EC4025-FD73-458E-8DBD-D765541F27DB}.Release|Any CPU.Build.0 = Release|Any CPU
		{425D9586-ED98-49A6-BE96-B1AC55513727}.Debug|Any CPU.ActiveCfg = Debug|Any CPU
		{425D9586-ED98-49A6-BE96-B1AC55513727}.Debug|Any CPU.Build.0 = Debug|Any CPU
		{425D9586-ED98-49A6-BE96-B1AC55513727}.Release|Any CPU.ActiveCfg = Release|Any CPU
		{425D9586-ED98-49A6-BE96-B1AC55513727}.Release|Any CPU.Build.0 = Release|Any CPU
		{BF0627B5-92C9-43C9-862D-62D4D51D4A92}.Debug|Any CPU.ActiveCfg = Debug|Any CPU
		{BF0627B5-92C9-43C9-862D-62D4D51D4A92}.Debug|Any CPU.Build.0 = Debug|Any CPU
		{BF0627B5-92C9-43C9-862D-62D4D51D4A92}.Release|Any CPU.ActiveCfg = Release|Any CPU
		{BF0627B5-92C9-43C9-862D-62D4D51D4A92}.Release|Any CPU.Build.0 = Release|Any CPU
		{53F95D0C-9573-4ABA-BAF6-B6C031F3A78D}.Debug|Any CPU.ActiveCfg = Debug|Any CPU
		{53F95D0C-9573-4ABA-BAF6-B6C031F3A78D}.Debug|Any CPU.Build.0 = Debug|Any CPU
		{53F95D0C-9573-4ABA-BAF6-B6C031F3A78D}.Release|Any CPU.ActiveCfg = Release|Any CPU
		{53F95D0C-9573-4ABA-BAF6-B6C031F3A78D}.Release|Any CPU.Build.0 = Release|Any CPU
		{8D11D274-48B9-4957-B157-501631A0D875}.Debug|Any CPU.ActiveCfg = Debug|Any CPU
		{8D11D274-48B9-4957-B157-501631A0D875}.Debug|Any CPU.Build.0 = Debug|Any CPU
		{8D11D274-48B9-4957-B157-501631A0D875}.Release|Any CPU.ActiveCfg = Release|Any CPU
		{8D11D274-48B9-4957-B157-501631A0D875}.Release|Any CPU.Build.0 = Release|Any CPU
		{AB0DE49C-B1EC-4596-BB0F-CEB2A2512AE3}.Debug|Any CPU.ActiveCfg = Debug|Any CPU
		{AB0DE49C-B1EC-4596-BB0F-CEB2A2512AE3}.Debug|Any CPU.Build.0 = Debug|Any CPU
		{AB0DE49C-B1EC-4596-BB0F-CEB2A2512AE3}.Release|Any CPU.ActiveCfg = Release|Any CPU
		{AB0DE49C-B1EC-4596-BB0F-CEB2A2512AE3}.Release|Any CPU.Build.0 = Release|Any CPU
		{79A819E6-9EB9-4345-9D3D-2D8A7527482C}.Debug|Any CPU.ActiveCfg = Debug|Any CPU
		{79A819E6-9EB9-4345-9D3D-2D8A7527482C}.Debug|Any CPU.Build.0 = Debug|Any CPU
		{79A819E6-9EB9-4345-9D3D-2D8A7527482C}.Release|Any CPU.ActiveCfg = Release|Any CPU
		{79A819E6-9EB9-4345-9D3D-2D8A7527482C}.Release|Any CPU.Build.0 = Release|Any CPU
		{1DC7F096-6DBC-400F-AF0C-B550BAD5E44C}.Debug|Any CPU.ActiveCfg = Debug|Any CPU
		{1DC7F096-6DBC-400F-AF0C-B550BAD5E44C}.Debug|Any CPU.Build.0 = Debug|Any CPU
		{1DC7F096-6DBC-400F-AF0C-B550BAD5E44C}.Release|Any CPU.ActiveCfg = Release|Any CPU
		{1DC7F096-6DBC-400F-AF0C-B550BAD5E44C}.Release|Any CPU.Build.0 = Release|Any CPU
		{761F5CE2-A5A5-4ED1-B597-7186004CD278}.Debug|Any CPU.ActiveCfg = Debug|Any CPU
		{761F5CE2-A5A5-4ED1-B597-7186004CD278}.Debug|Any CPU.Build.0 = Debug|Any CPU
		{761F5CE2-A5A5-4ED1-B597-7186004CD278}.Release|Any CPU.ActiveCfg = Release|Any CPU
		{761F5CE2-A5A5-4ED1-B597-7186004CD278}.Release|Any CPU.Build.0 = Release|Any CPU
		{2402793D-020B-404D-87C6-2AFD314BDE66}.Debug|Any CPU.ActiveCfg = Debug|Any CPU
		{2402793D-020B-404D-87C6-2AFD314BDE66}.Debug|Any CPU.Build.0 = Debug|Any CPU
		{2402793D-020B-404D-87C6-2AFD314BDE66}.Release|Any CPU.ActiveCfg = Release|Any CPU
		{2402793D-020B-404D-87C6-2AFD314BDE66}.Release|Any CPU.Build.0 = Release|Any CPU
		{E56F0682-85C8-4A10-AD1F-B332BC523F82}.Debug|Any CPU.ActiveCfg = Debug|Any CPU
		{E56F0682-85C8-4A10-AD1F-B332BC523F82}.Debug|Any CPU.Build.0 = Debug|Any CPU
		{E56F0682-85C8-4A10-AD1F-B332BC523F82}.Release|Any CPU.ActiveCfg = Release|Any CPU
		{E56F0682-85C8-4A10-AD1F-B332BC523F82}.Release|Any CPU.Build.0 = Release|Any CPU
		{16C81F39-2628-442A-8940-8D27B9368EEC}.Debug|Any CPU.ActiveCfg = Debug|Any CPU
		{16C81F39-2628-442A-8940-8D27B9368EEC}.Debug|Any CPU.Build.0 = Debug|Any CPU
		{16C81F39-2628-442A-8940-8D27B9368EEC}.Release|Any CPU.ActiveCfg = Release|Any CPU
		{16C81F39-2628-442A-8940-8D27B9368EEC}.Release|Any CPU.Build.0 = Release|Any CPU
		{A4F1D0A4-5775-4F6E-80FA-55047E16B6C5}.Debug|Any CPU.ActiveCfg = Debug|Any CPU
		{A4F1D0A4-5775-4F6E-80FA-55047E16B6C5}.Debug|Any CPU.Build.0 = Debug|Any CPU
		{A4F1D0A4-5775-4F6E-80FA-55047E16B6C5}.Release|Any CPU.ActiveCfg = Release|Any CPU
		{A4F1D0A4-5775-4F6E-80FA-55047E16B6C5}.Release|Any CPU.Build.0 = Release|Any CPU
		{025C69B9-C20A-4371-BAB7-06AC705534E4}.Debug|Any CPU.ActiveCfg = Debug|Any CPU
		{025C69B9-C20A-4371-BAB7-06AC705534E4}.Debug|Any CPU.Build.0 = Debug|Any CPU
		{025C69B9-C20A-4371-BAB7-06AC705534E4}.Release|Any CPU.ActiveCfg = Release|Any CPU
		{025C69B9-C20A-4371-BAB7-06AC705534E4}.Release|Any CPU.Build.0 = Release|Any CPU
		{BC1FDF7E-9E86-49A6-91E4-A2B0F84F08DD}.Debug|Any CPU.ActiveCfg = Debug|Any CPU
		{BC1FDF7E-9E86-49A6-91E4-A2B0F84F08DD}.Debug|Any CPU.Build.0 = Debug|Any CPU
		{BC1FDF7E-9E86-49A6-91E4-A2B0F84F08DD}.Release|Any CPU.ActiveCfg = Release|Any CPU
		{BC1FDF7E-9E86-49A6-91E4-A2B0F84F08DD}.Release|Any CPU.Build.0 = Release|Any CPU
		{93A1211E-43A7-44AA-8172-2A1B3F7F714F}.Debug|Any CPU.ActiveCfg = Debug|Any CPU
		{93A1211E-43A7-44AA-8172-2A1B3F7F714F}.Debug|Any CPU.Build.0 = Debug|Any CPU
		{93A1211E-43A7-44AA-8172-2A1B3F7F714F}.Release|Any CPU.ActiveCfg = Release|Any CPU
		{93A1211E-43A7-44AA-8172-2A1B3F7F714F}.Release|Any CPU.Build.0 = Release|Any CPU
		{FDFE6069-B3DE-45CC-9742-FA14C549E33E}.Debug|Any CPU.ActiveCfg = Debug|Any CPU
		{FDFE6069-B3DE-45CC-9742-FA14C549E33E}.Debug|Any CPU.Build.0 = Debug|Any CPU
		{FDFE6069-B3DE-45CC-9742-FA14C549E33E}.Release|Any CPU.ActiveCfg = Release|Any CPU
		{FDFE6069-B3DE-45CC-9742-FA14C549E33E}.Release|Any CPU.Build.0 = Release|Any CPU
	EndGlobalSection
EndGlobal
